
Microsoft Visual Studio Solution File, Format Version 12.00
# Visual Studio Version 17
VisualStudioVersion = 17.9.34723.18
MinimumVisualStudioVersion = 10.0.40219.1
Project("{FAE04EC0-301F-11D3-BF4B-00C04F79EFBC}") = "MethodsForUP", "MethodsForUP\MethodsForUP.csproj", "{815865C3-5FAE-440F-BC1F-E0A58B78BF22}"
EndProject
Global
	GlobalSection(SolutionConfigurationPlatforms) = preSolution
		Debug|Any CPU = Debug|Any CPU
		Release|Any CPU = Release|Any CPU
	EndGlobalSection
	GlobalSection(ProjectConfigurationPlatforms) = postSolution
		{815865C3-5FAE-440F-BC1F-E0A58B78BF22}.Debug|Any CPU.ActiveCfg = Debug|Any CPU
		{815865C3-5FAE-440F-BC1F-E0A58B78BF22}.Debug|Any CPU.Build.0 = Debug|Any CPU
		{815865C3-5FAE-440F-BC1F-E0A58B78BF22}.Release|Any CPU.ActiveCfg = Release|Any CPU
		{815865C3-5FAE-440F-BC1F-E0A58B78BF22}.Release|Any CPU.Build.0 = Release|Any CPU
	EndGlobalSection
	GlobalSection(SolutionProperties) = preSolution
		HideSolutionNode = FALSE
	EndGlobalSection
	GlobalSection(ExtensibilityGlobals) = postSolution
		SolutionGuid = {20E3E348-9E90-4577-BF31-601309B67008}
	EndGlobalSection
EndGlobal
